
Microsoft Visual Studio Solution File, Format Version 12.00
# Visual Studio Version 17
VisualStudioVersion = 17.5.33414.496
MinimumVisualStudioVersion = 10.0.40219.1
Project("{FAE04EC0-301F-11D3-BF4B-00C04F79EFBC}") = "SD-330-F22SD-Assignment-1", "SD-330-F22SD-Assignment-1.csproj", "{EB523891-EA18-44C3-93DB-ABBFC9B17370}"
EndProject
Global
	GlobalSection(SolutionConfigurationPlatforms) = preSolution
		Debug|Any CPU = Debug|Any CPU
		Release|Any CPU = Release|Any CPU
	EndGlobalSection
	GlobalSection(ProjectConfigurationPlatforms) = postSolution
		{EB523891-EA18-44C3-93DB-ABBFC9B17370}.Debug|Any CPU.ActiveCfg = Debug|Any CPU
		{EB523891-EA18-44C3-93DB-ABBFC9B17370}.Debug|Any CPU.Build.0 = Debug|Any CPU
		{EB523891-EA18-44C3-93DB-ABBFC9B17370}.Release|Any CPU.ActiveCfg = Release|Any CPU
		{EB523891-EA18-44C3-93DB-ABBFC9B17370}.Release|Any CPU.Build.0 = Release|Any CPU
	EndGlobalSection
	GlobalSection(SolutionProperties) = preSolution
		HideSolutionNode = FALSE
	EndGlobalSection
	GlobalSection(ExtensibilityGlobals) = postSolution
		SolutionGuid = {1FEEF50F-2C49-4612-8C18-5289F0F0179C}
	EndGlobalSection
EndGlobal
